
Microsoft Visual Studio Solution File, Format Version 12.00
# Visual Studio Version 16
VisualStudioVersion = 16.0.30611.23
MinimumVisualStudioVersion = 10.0.40219.1
Project("{FAE04EC0-301F-11D3-BF4B-00C04F79EFBC}") = "GuestBook2", "GuestBook2.csproj", "{E8757D3D-65CD-440F-BC74-B33BF9508E15}"
EndProject
Global
	GlobalSection(SolutionConfigurationPlatforms) = preSolution
		Debug|Any CPU = Debug|Any CPU
		Release|Any CPU = Release|Any CPU
	EndGlobalSection
	GlobalSection(ProjectConfigurationPlatforms) = postSolution
		{E8757D3D-65CD-440F-BC74-B33BF9508E15}.Debug|Any CPU.ActiveCfg = Debug|Any CPU
		{E8757D3D-65CD-440F-BC74-B33BF9508E15}.Debug|Any CPU.Build.0 = Debug|Any CPU
		{E8757D3D-65CD-440F-BC74-B33BF9508E15}.Release|Any CPU.ActiveCfg = Release|Any CPU
		{E8757D3D-65CD-440F-BC74-B33BF9508E15}.Release|Any CPU.Build.0 = Release|Any CPU
	EndGlobalSection
	GlobalSection(SolutionProperties) = preSolution
		HideSolutionNode = FALSE
	EndGlobalSection
	GlobalSection(ExtensibilityGlobals) = postSolution
		SolutionGuid = {8ED6F413-4709-4C99-961F-9EADE42C5E37}
	EndGlobalSection
EndGlobal
